// !$*UTF8*$!
{
	archiveVersion = 1;
	classes = {
	};
	objectVersion = 50;
	objects = {

/* Begin PBXBuildFile section */
		9C33537620B094B9005F622F /* AppDelegate.swift in Sources */ = {isa = PBXBuildFile; fileRef = 9C33537520B094B9005F622F /* AppDelegate.swift */; };
		9C33537820B094B9005F622F /* ViewController.swift in Sources */ = {isa = PBXBuildFile; fileRef = 9C33537720B094B9005F622F /* ViewController.swift */; };
		9C33537B20B094BA005F622F /* Main.storyboard in Resources */ = {isa = PBXBuildFile; fileRef = 9C33537920B094BA005F622F /* Main.storyboard */; };
		9C33537D20B094CA005F622F /* Assets.xcassets in Resources */ = {isa = PBXBuildFile; fileRef = 9C33537C20B094CA005F622F /* Assets.xcassets */; };
		9C33538020B094CA005F622F /* LaunchScreen.storyboard in Resources */ = {isa = PBXBuildFile; fileRef = 9C33537E20B094CA005F622F /* LaunchScreen.storyboard */; };
		9C33538C20B096D7005F622F /* MapAnnotation.swift in Sources */ = {isa = PBXBuildFile; fileRef = 9C33538B20B096D7005F622F /* MapAnnotation.swift */; };
		9C760F0620B145D8001549C0 /* MarkerAnnotationView.swift in Sources */ = {isa = PBXBuildFile; fileRef = 9C760F0520B145D8001549C0 /* MarkerAnnotationView.swift */; };
/* End PBXBuildFile section */

/* Begin PBXFileReference section */
		9C33537220B094B9005F622F /* CustomaMapAnnotation.app */ = {isa = PBXFileReference; explicitFileType = wrapper.application; includeInIndex = 0; path = CustomaMapAnnotation.app; sourceTree = BUILT_PRODUCTS_DIR; };
		9C33537520B094B9005F622F /* AppDelegate.swift */ = {isa = PBXFileReference; lastKnownFileType = sourcecode.swift; path = AppDelegate.swift; sourceTree = "<group>"; };
		9C33537720B094B9005F622F /* ViewController.swift */ = {isa = PBXFileReference; lastKnownFileType = sourcecode.swift; path = ViewController.swift; sourceTree = "<group>"; };
		9C33537A20B094BA005F622F /* Base */ = {isa = PBXFileReference; lastKnownFileType = file.storyboard; name = Base; path = Base.lproj/Main.storyboard; sourceTree = "<group>"; };
		9C33537C20B094CA005F622F /* Assets.xcassets */ = {isa = PBXFileReference; lastKnownFileType = folder.assetcatalog; path = Assets.xcassets; sourceTree = "<group>"; };
		9C33537F20B094CA005F622F /* Base */ = {isa = PBXFileReference; lastKnownFileType = file.storyboard; name = Base; path = Base.lproj/LaunchScreen.storyboard; sourceTree = "<group>"; };
		9C33538120B094CA005F622F /* Info.plist */ = {isa = PBXFileReference; lastKnownFileType = text.plist.xml; path = Info.plist; sourceTree = "<group>"; };
		9C33538B20B096D7005F622F /* MapAnnotation.swift */ = {isa = PBXFileReference; lastKnownFileType = sourcecode.swift; path = MapAnnotation.swift; sourceTree = "<group>"; };
		9C760F0520B145D8001549C0 /* MarkerAnnotationView.swift */ = {isa = PBXFileReference; lastKnownFileType = sourcecode.swift; path = MarkerAnnotationView.swift; sourceTree = "<group>"; };
/* End PBXFileReference section */

/* Begin PBXFrameworksBuildPhase section */
		9C33536F20B094B9005F622F /* Frameworks */ = {
			isa = PBXFrameworksBuildPhase;
			buildActionMask = 2147483647;
			files = (
			);
			runOnlyForDeploymentPostprocessing = 0;
		};
/* End PBXFrameworksBuildPhase section */

/* Begin PBXGroup section */
		9C33536920B094B9005F622F = {
			isa = PBXGroup;
			children = (
				9C33537420B094B9005F622F /* CustomaMapAnnotation */,
				9C33537320B094B9005F622F /* Products */,
			);
			sourceTree = "<group>";
		};
		9C33537320B094B9005F622F /* Products */ = {
			isa = PBXGroup;
			children = (
				9C33537220B094B9005F622F /* CustomaMapAnnotation.app */,
			);
			name = Products;
			sourceTree = "<group>";
		};
		9C33537420B094B9005F622F /* CustomaMapAnnotation */ = {
			isa = PBXGroup;
			children = (
				9C33538120B094CA005F622F /* Info.plist */,
				9C33538A20B0966E005F622F /* Controller */,
				9C33538920B09657005F622F /* User Interface */,
				9C33538820B09643005F622F /* Root */,
				9C33538720B0962A005F622F /* MapKit Helper */,
				9C33537C20B094CA005F622F /* Assets.xcassets */,
			);
			path = CustomaMapAnnotation;
			sourceTree = "<group>";
		};
		9C33538720B0962A005F622F /* MapKit Helper */ = {
			isa = PBXGroup;
			children = (
				9C33538B20B096D7005F622F /* MapAnnotation.swift */,
				9C760F0520B145D8001549C0 /* MarkerAnnotationView.swift */,
			);
			path = "MapKit Helper";
			sourceTree = "<group>";
		};
		9C33538820B09643005F622F /* Root */ = {
			isa = PBXGroup;
			children = (
				9C33537520B094B9005F622F /* AppDelegate.swift */,
			);
			path = Root;
			sourceTree = "<group>";
		};
		9C33538920B09657005F622F /* User Interface */ = {
			isa = PBXGroup;
			children = (
				9C33537920B094BA005F622F /* Main.storyboard */,
				9C33537E20B094CA005F622F /* LaunchScreen.storyboard */,
			);
			path = "User Interface";
			sourceTree = "<group>";
		};
		9C33538A20B0966E005F622F /* Controller */ = {
			isa = PBXGroup;
			children = (
				9C33537720B094B9005F622F /* ViewController.swift */,
			);
			path = Controller;
			sourceTree = "<group>";
		};
/* End PBXGroup section */

/* Begin PBXNativeTarget section */
		9C33537120B094B9005F622F /* CustomaMapAnnotation */ = {
			isa = PBXNativeTarget;
			buildConfigurationList = 9C33538420B094CA005F622F /* Build configuration list for PBXNativeTarget "CustomaMapAnnotation" */;
			buildPhases = (
				9C33536E20B094B9005F622F /* Sources */,
				9C33536F20B094B9005F622F /* Frameworks */,
				9C33537020B094B9005F622F /* Resources */,
			);
			buildRules = (
			);
			dependencies = (
			);
			name = CustomaMapAnnotation;
			productName = CustomaMapAnnotation;
			productReference = 9C33537220B094B9005F622F /* CustomaMapAnnotation.app */;
			productType = "com.apple.product-type.application";
		};
/* End PBXNativeTarget section */

/* Begin PBXProject section */
		9C33536A20B094B9005F622F /* Project object */ = {
			isa = PBXProject;
			attributes = {
				LastSwiftUpdateCheck = 0930;
				LastUpgradeCheck = 0930;
				ORGANIZATIONNAME = Marcelo;
				TargetAttributes = {
					9C33537120B094B9005F622F = {
						CreatedOnToolsVersion = 9.3.1;
					};
				};
			};
			buildConfigurationList = 9C33536D20B094B9005F622F /* Build configuration list for PBXProject "CustomaMapAnnotation" */;
			compatibilityVersion = "Xcode 9.3";
			developmentRegion = en;
			hasScannedForEncodings = 0;
			knownRegions = (
				en,
				Base,
			);
			mainGroup = 9C33536920B094B9005F622F;
			productRefGroup = 9C33537320B094B9005F622F /* Products */;
			projectDirPath = "";
			projectRoot = "";
			targets = (
				9C33537120B094B9005F622F /* CustomaMapAnnotation */,
			);
		};
/* End PBXProject section */

/* Begin PBXResourcesBuildPhase section */
		9C33537020B094B9005F622F /* Resources */ = {
			isa = PBXResourcesBuildPhase;
			buildActionMask = 2147483647;
			files = (
				9C33538020B094CA005F622F /* LaunchScreen.storyboard in Resources */,
				9C33537D20B094CA005F622F /* Assets.xcassets in Resources */,
				9C33537B20B094BA005F622F /* Main.storyboard in Resources */,
			);
			runOnlyForDeploymentPostprocessing = 0;
		};
/* End PBXResourcesBuildPhase section */

/* Begin PBXSourcesBuildPhase section */
		9C33536E20B094B9005F622F /* Sources */ = {
			isa = PBXSourcesBuildPhase;
			buildActionMask = 2147483647;
			files = (
				9C33537820B094B9005F622F /* ViewController.swift in Sources */,
				9C760F0620B145D8001549C0 /* MarkerAnnotationView.swift in Sources */,
				9C33537620B094B9005F622F /* AppDelegate.swift in Sources */,
				9C33538C20B096D7005F622F /* MapAnnotation.swift in Sources */,
			);
			runOnlyForDeploymentPostprocessing = 0;
		};
/* End PBXSourcesBuildPhase section */

/* Begin PBXVariantGroup section */
		9C33537920B094BA005F622F /* Main.storyboard */ = {
			isa = PBXVariantGroup;
			children = (
				9C33537A20B094BA005F622F /* Base */,
			);
			name = Main.storyboard;
			sourceTree = "<group>";
		};
		9C33537E20B094CA005F622F /* LaunchScreen.storyboard */ = {
			isa = PBXVariantGroup;
			children = (
				9C33537F20B094CA005F622F /* Base */,
			);
			name = LaunchScreen.storyboard;
			sourceTree = "<group>";
		};
/* End PBXVariantGroup section */

/* Begin XCBuildConfiguration section */
		9C33538220B094CA005F622F /* Debug */ = {
			isa = XCBuildConfiguration;
			buildSettings = {
				ALWAYS_SEARCH_USER_PATHS = NO;
				CLANG_ANALYZER_NONNULL = YES;
				CLANG_ANALYZER_NUMBER_OBJECT_CONVERSION = YES_AGGRESSIVE;
				CLANG_CXX_LANGUAGE_STANDARD = "gnu++14";
				CLANG_CXX_LIBRARY = "libc++";
				CLANG_ENABLE_MODULES = YES;
				CLANG_ENABLE_OBJC_ARC = YES;
				CLANG_ENABLE_OBJC_WEAK = YES;
				CLANG_WARN_BLOCK_CAPTURE_AUTORELEASING = YES;
				CLANG_WARN_BOOL_CONVERSION = YES;
				CLANG_WARN_COMMA = YES;
				CLANG_WARN_CONSTANT_CONVERSION = YES;
				CLANG_WARN_DEPRECATED_OBJC_IMPLEMENTATIONS = YES;
				CLANG_WARN_DIRECT_OBJC_ISA_USAGE = YES_ERROR;
				CLANG_WARN_DOCUMENTATION_COMMENTS = YES;
				CLANG_WARN_EMPTY_BODY = YES;
				CLANG_WARN_ENUM_CONVERSION = YES;
				CLANG_WARN_INFINITE_RECURSION = YES;
				CLANG_WARN_INT_CONVERSION = YES;
				CLANG_WARN_NON_LITERAL_NULL_CONVERSION = YES;
				CLANG_WARN_OBJC_IMPLICIT_RETAIN_SELF = YES;
				CLANG_WARN_OBJC_LITERAL_CONVERSION = YES;
				CLANG_WARN_OBJC_ROOT_CLASS = YES_ERROR;
				CLANG_WARN_RANGE_LOOP_ANALYSIS = YES;
				CLANG_WARN_STRICT_PROTOTYPES = YES;
				CLANG_WARN_SUSPICIOUS_MOVE = YES;
				CLANG_WARN_UNGUARDED_AVAILABILITY = YES_AGGRESSIVE;
				CLANG_WARN_UNREACHABLE_CODE = YES;
				CLANG_WARN__DUPLICATE_METHOD_MATCH = YES;
				CODE_SIGN_IDENTITY = "iPhone Developer";
				COPY_PHASE_STRIP = NO;
				DEBUG_INFORMATION_FORMAT = dwarf;
				ENABLE_STRICT_OBJC_MSGSEND = YES;
				ENABLE_TESTABILITY = YES;
				GCC_C_LANGUAGE_STANDARD = gnu11;
				GCC_DYNAMIC_NO_PIC = NO;
				GCC_NO_COMMON_BLOCKS = YES;
				GCC_OPTIMIZATION_LEVEL = 0;
				GCC_PREPROCESSOR_DEFINITIONS = (
					"DEBUG=1",
					"$(inherited)",
				);
				GCC_WARN_64_TO_32_BIT_CONVERSION = YES;
				GCC_WARN_ABOUT_RETURN_TYPE = YES_ERROR;
				GCC_WARN_UNDECLARED_SELECTOR = YES;
				GCC_WARN_UNINITIALIZED_AUTOS = YES_AGGRESSIVE;
				GCC_WARN_UNUSED_FUNCTION = YES;
				GCC_WARN_UNUSED_VARIABLE = YES;
				IPHONEOS_DEPLOYMENT_TARGET = 11.3;
				MTL_ENABLE_DEBUG_INFO = YES;
				ONLY_ACTIVE_ARCH = YES;
				SDKROOT = iphoneos;
				SWIFT_ACTIVE_COMPILATION_CONDITIONS = DEBUG;
				SWIFT_OPTIMIZATION_LEVEL = "-Onone";
			};
			name = Debug;
		};
		9C33538320B094CA005F622F /* Release */ = {
			isa = XCBuildConfiguration;
			buildSettings = {
				ALWAYS_SEARCH_USER_PATHS = NO;
				CLANG_ANALYZER_NONNULL = YES;
				CLANG_ANALYZER_NUMBER_OBJECT_CONVERSION = YES_AGGRESSIVE;
				CLANG_CXX_LANGUAGE_STANDARD = "gnu++14";
				CLANG_CXX_LIBRARY = "libc++";
				CLANG_ENABLE_MODULES = YES;
				CLANG_ENABLE_OBJC_ARC = YES;
				CLANG_ENABLE_OBJC_WEAK = YES;
				CLANG_WARN_BLOCK_CAPTURE_AUTORELEASING = YES;
				CLANG_WARN_BOOL_CONVERSION = YES;
				CLANG_WARN_COMMA = YES;
				CLANG_WARN_CONSTANT_CONVERSION = YES;
				CLANG_WARN_DEPRECATED_OBJC_IMPLEMENTATIONS = YES;
				CLANG_WARN_DIRECT_OBJC_ISA_USAGE = YES_ERROR;
				CLANG_WARN_DOCUMENTATION_COMMENTS = YES;
				CLANG_WARN_EMPTY_BODY = YES;
				CLANG_WARN_ENUM_CONVERSION = YES;
				CLANG_WARN_INFINITE_RECURSION = YES;
				CLANG_WARN_INT_CONVERSION = YES;
				CLANG_WARN_NON_LITERAL_NULL_CONVERSION = YES;
				CLANG_WARN_OBJC_IMPLICIT_RETAIN_SELF = YES;
				CLANG_WARN_OBJC_LITERAL_CONVERSION = YES;
				CLANG_WARN_OBJC_ROOT_CLASS = YES_ERROR;
				CLANG_WARN_RANGE_LOOP_ANALYSIS = YES;
				CLANG_WARN_STRICT_PROTOTYPES = YES;
				CLANG_WARN_SUSPICIOUS_MOVE = YES;
				CLANG_WARN_UNGUARDED_AVAILABILITY = YES_AGGRESSIVE;
				CLANG_WARN_UNREACHABLE_CODE = YES;
				CLANG_WARN__DUPLICATE_METHOD_MATCH = YES;
				CODE_SIGN_IDENTITY = "iPhone Developer";
				COPY_PHASE_STRIP = NO;
				DEBUG_INFORMATION_FORMAT = "dwarf-with-dsym";
				ENABLE_NS_ASSERTIONS = NO;
				ENABLE_STRICT_OBJC_MSGSEND = YES;
				GCC_C_LANGUAGE_STANDARD = gnu11;
				GCC_NO_COMMON_BLOCKS = YES;
				GCC_WARN_64_TO_32_BIT_CONVERSION = YES;
				GCC_WARN_ABOUT_RETURN_TYPE = YES_ERROR;
				GCC_WARN_UNDECLARED_SELECTOR = YES;
				GCC_WARN_UNINITIALIZED_AUTOS = YES_AGGRESSIVE;
				GCC_WARN_UNUSED_FUNCTION = YES;
				GCC_WARN_UNUSED_VARIABLE = YES;
				IPHONEOS_DEPLOYMENT_TARGET = 11.3;
				MTL_ENABLE_DEBUG_INFO = NO;
				SDKROOT = iphoneos;
				SWIFT_COMPILATION_MODE = wholemodule;
				SWIFT_OPTIMIZATION_LEVEL = "-O";
				VALIDATE_PRODUCT = YES;
			};
			name = Release;
		};
		9C33538520B094CA005F622F /* Debug */ = {
			isa = XCBuildConfiguration;
			buildSettings = {
				ASSETCATALOG_COMPILER_APPICON_NAME = AppIcon;
				CODE_SIGN_STYLE = Automatic;
				DEVELOPMENT_TEAM = 5U294U2N56;
				INFOPLIST_FILE = CustomaMapAnnotation/Info.plist;
				LD_RUNPATH_SEARCH_PATHS = (
					"$(inherited)",
					"@executable_path/Frameworks",
				);
				PRODUCT_BUNDLE_IDENTIFIER = MAS.CustomaMapAnnotation;
				PRODUCT_NAME = "$(TARGET_NAME)";
				SWIFT_VERSION = 4.0;
				TARGETED_DEVICE_FAMILY = "1,2";
			};
			name = Debug;
		};
		9C33538620B094CA005F622F /* Release */ = {
			isa = XCBuildConfiguration;
			buildSettings = {
				ASSETCATALOG_COMPILER_APPICON_NAME = AppIcon;
				CODE_SIGN_STYLE = Automatic;
				DEVELOPMENT_TEAM = 5U294U2N56;
				INFOPLIST_FILE = CustomaMapAnnotation/Info.plist;
				LD_RUNPATH_SEARCH_PATHS = (
					"$(inherited)",
					"@executable_path/Frameworks",
				);
				PRODUCT_BUNDLE_IDENTIFIER = MAS.CustomaMapAnnotation;
				PRODUCT_NAME = "$(TARGET_NAME)";
				SWIFT_VERSION = 4.0;
				TARGETED_DEVICE_FAMILY = "1,2";
			};
			name = Release;
		};
/* End XCBuildConfiguration section */

/* Begin XCConfigurationList section */
		9C33536D20B094B9005F622F /* Build configuration list for PBXProject "CustomaMapAnnotation" */ = {
			isa = XCConfigurationList;
			buildConfigurations = (
				9C33538220B094CA005F622F /* Debug */,
				9C33538320B094CA005F622F /* Release */,
			);
			defaultConfigurationIsVisible = 0;
			defaultConfigurationName = Release;
		};
		9C33538420B094CA005F622F /* Build configuration list for PBXNativeTarget "CustomaMapAnnotation" */ = {
			isa = XCConfigurationList;
			buildConfigurations = (
				9C33538520B094CA005F622F /* Debug */,
				9C33538620B094CA005F622F /* Release */,
			);
			defaultConfigurationIsVisible = 0;
			defaultConfigurationName = Release;
		};
/* End XCConfigurationList section */
	};
	rootObject = 9C33536A20B094B9005F622F /* Project object */;
}
